
Microsoft Visual Studio Solution File, Format Version 12.00
# Visual Studio Version 17
VisualStudioVersion = 17.2.32616.157
MinimumVisualStudioVersion = 10.0.40219.1
Project("{FAE04EC0-301F-11D3-BF4B-00C04F79EFBC}") = "tooltest", "tooltest\tooltest.csproj", "{70B9A100-B5A7-4862-8FCA-BB226A6BD609}"
EndProject
Global
	GlobalSection(SolutionConfigurationPlatforms) = preSolution
		Debug|Any CPU = Debug|Any CPU
		Release|Any CPU = Release|Any CPU
	EndGlobalSection
	GlobalSection(ProjectConfigurationPlatforms) = postSolution
		{70B9A100-B5A7-4862-8FCA-BB226A6BD609}.Debug|Any CPU.ActiveCfg = Debug|Any CPU
		{70B9A100-B5A7-4862-8FCA-BB226A6BD609}.Debug|Any CPU.Build.0 = Debug|Any CPU
		{70B9A100-B5A7-4862-8FCA-BB226A6BD609}.Release|Any CPU.ActiveCfg = Release|Any CPU
		{70B9A100-B5A7-4862-8FCA-BB226A6BD609}.Release|Any CPU.Build.0 = Release|Any CPU
	EndGlobalSection
	GlobalSection(SolutionProperties) = preSolution
		HideSolutionNode = FALSE
	EndGlobalSection
	GlobalSection(ExtensibilityGlobals) = postSolution
		SolutionGuid = {B7C7C3EE-FEC7-44F6-867F-C7842BB84D7C}
	EndGlobalSection
EndGlobal
